PODS:
  - SDWebImage (4.0.0):
    - SDWebImage/Core (= 4.0.0)
  - SDWebImage/Core (4.0.0)
  - SVProgressHUD (2.1.2)

DEPENDENCIES:
  - SDWebImage
  - SVProgressHUD

SPEC CHECKSUMS:
  SDWebImage: 76a6348bdc74eb5a55dd08a091ef298e56b55e41
  SVProgressHUD: c404a55d78acbeb7ebb78b76d3faf986475a6994

PODFILE CHECKSUM: 05b23af470e645758967d131da81dbe8e4519484

COCOAPODS: 1.2.1
